# THIS IS AN AUTOGENERATED FILE. DO NOT EDIT THIS FILE DIRECTLY.
# yarn lockfile v1


"@next/env@12.3.2-canary.32":
  version "12.3.2-canary.32"
  resolved "https://registry.yarnpkg.com/@next/env/-/env-12.3.2-canary.32.tgz#04336381fc77919f4ecb3ccb6ab89c0b93e8065d"
  integrity sha512-4G87T1G+DaDuYqYIYgTtPMCQzs+9lYr56qtH/rUGh6Ujg/m1bcUTboIiKnSAD41IOUHHOWARPvVAr9XH4c7PGA==

"@next/swc-android-arm-eabi@12.3.2-canary.32":
  version "12.3.2-canary.32"
  resolved "https://registry.yarnpkg.com/@next/swc-android-arm-eabi/-/swc-android-arm-eabi-12.3.2-canary.32.tgz#35f571e3a9dd20413da8df2200dd8505ec956934"
  integrity sha512-ZRZ79pPVTkQf1O7a6kAqwx4udWX32Iebxzijiu0QJrNwa/RW4b0OQ1xq7OpyBRj4Yn6RA8yIJkL0Ug2SHRQybA==

"@next/swc-android-arm64@12.3.2-canary.32":
  version "12.3.2-canary.32"
  resolved "https://registry.yarnpkg.com/@next/swc-android-arm64/-/swc-android-arm64-12.3.2-canary.32.tgz#d2481a407baa460b0150533f080587cf8aa2c566"
  integrity sha512-90u14COzGOaEESDsIit8Y97SnHwL5619UWRk7HSQMF7OTtD9v0DFKG/vLowKlpNjud+9czPgVFt9uQfb5LNz4g==

"@next/swc-darwin-arm64@12.3.2-canary.32":
  version "12.3.2-canary.32"
  resolved "https://registry.yarnpkg.com/@next/swc-darwin-arm64/-/swc-darwin-arm64-12.3.2-canary.32.tgz#7e8246248c1c7f1c942679ba9d24cb99549de590"
  integrity sha512-R0wHoXbhO6+DGOYQc0mjilXzfQoNLIqv9Xm0BA4Um/X1CUsMWDjv4m/6FJUj2CVMMYXmxF149Jk+BBy78y7aGw==

"@next/swc-darwin-x64@12.3.2-canary.32":
  version "12.3.2-canary.32"
  resolved "https://registry.yarnpkg.com/@next/swc-darwin-x64/-/swc-darwin-x64-12.3.2-canary.32.tgz#1330767cd0002582aad6d927fb3c7f5c1eed61f8"
  integrity sha512-CtwmDsxm60Bx8a+9Nb8W+NDpCDMhsvFuWveQR7QU+HZxy8IC9d/+u+tv1vjhKriKMzgY91lo0IT+XUw5XRFfGQ==

"@next/swc-freebsd-x64@12.3.2-canary.32":
  version "12.3.2-canary.32"
  resolved "https://registry.yarnpkg.com/@next/swc-freebsd-x64/-/swc-freebsd-x64-12.3.2-canary.32.tgz#a7af44424dd16f68da0a12974a850295e469dbbf"
  integrity sha512-wgiD1SJckyQGHVTbsjwDAwuP+sQ55mkb+GUfwpAK6fz3AKKlQXvB/CB9MalntLTWg3A2jqBabgza96PRBt7OAQ==

"@next/swc-linux-arm-gnueabihf@12.3.2-canary.32":
  version "12.3.2-canary.32"
  resolved "https://registry.yarnpkg.com/@next/swc-linux-arm-gnueabihf/-/swc-linux-arm-gnueabihf-12.3.2-canary.32.tgz#775137c7b00a1a595afc29bcf50de5cd2f1260e9"
  integrity sha512-agUF4JjYSFehke7Yb+8d1b5AgpBl//KTsi0FmxAExBDao9Kany4PmT/+Q7nmBpHl0n6fOtHjWmM/DIebH6KptQ==

"@next/swc-linux-arm64-gnu@12.3.2-canary.32":
  version "12.3.2-canary.32"
  resolved "https://registry.yarnpkg.com/@next/swc-linux-arm64-gnu/-/swc-linux-arm64-gnu-12.3.2-canary.32.tgz#d07b11386c4f75a9c04eaee39876aaa8468823b8"
  integrity sha512-AOSnxh8zyl6M087q8BbR5D9N25SNwycDEfbY0zN2D7aKrx00Vcw5mOKwMQxroGPy9NoQilsshnFzhHsz9DYQpQ==

"@next/swc-linux-arm64-musl@12.3.2-canary.32":
  version "12.3.2-canary.32"
  resolved "https://registry.yarnpkg.com/@next/swc-linux-arm64-musl/-/swc-linux-arm64-musl-12.3.2-canary.32.tgz#06496bc7a8896bfdf08266ed132ac7e542813294"
  integrity sha512-jxTb2b0Z5JS5nVxZ52vv1WftcGlYc9CVqIDujHusULpNEttoxRVzZkBDJ4K+LHERXn816bYvEksZRF5of2h8lA==

"@next/swc-linux-x64-gnu@12.3.2-canary.32":
  version "12.3.2-canary.32"
  resolved "https://registry.yarnpkg.com/@next/swc-linux-x64-gnu/-/swc-linux-x64-gnu-12.3.2-canary.32.tgz#37a9edd607dde4790813323c45bf2beac50e702a"
  integrity sha512-4HcD1YA6KBI0M8zbyeLbN0LmnYno6BRfs63WLsShyZHrNqDOiBR/46IG0npbfcAPy4QMtSWcCInbYbZ3sxM5wg==

"@next/swc-linux-x64-musl@12.3.2-canary.32":
  version "12.3.2-canary.32"
  resolved "https://registry.yarnpkg.com/@next/swc-linux-x64-musl/-/swc-linux-x64-musl-12.3.2-canary.32.tgz#d4e60ba5f00df4fc1fc04add9c05ce4848b99232"
  integrity sha512-xGtFpzwi+Eiw9xKzxzW+AmkPKn9ky8V0KdbcHrbqs7bE/4uPm2A8m2BYiQYq6mZt+ZZq4HcRZorWUX/k+rfPow==

"@next/swc-win32-arm64-msvc@12.3.2-canary.32":
  version "12.3.2-canary.32"
  resolved "https://registry.yarnpkg.com/@next/swc-win32-arm64-msvc/-/swc-win32-arm64-msvc-12.3.2-canary.32.tgz#73b5f7f677c58cebd031a0e327a548858d1a3318"
  integrity sha512-5L6wKB6bpSr8yDLpWbJ6mlRDmvKx3t7JwTvm+2bt4KteXmR3RBA9WwOGib7ZQdDw1DFgiGGImC6nPi/tUpbP8w==

"@next/swc-win32-ia32-msvc@12.3.2-canary.32":
  version "12.3.2-canary.32"
  resolved "https://registry.yarnpkg.com/@next/swc-win32-ia32-msvc/-/swc-win32-ia32-msvc-12.3.2-canary.32.tgz#b90f49538221b2bb2fc4e65fe5c31e1a66a52783"
  integrity sha512-mA3zwwWlAuswbY0Bl2bWrsfZnN6wi9mevaucLCsCepNbVSvLVxaa/0oP4KH9WwChnnYMvAxPxcqh0I5OpiHgFA==

"@next/swc-win32-x64-msvc@12.3.2-canary.32":
  version "12.3.2-canary.32"
  resolved "https://registry.yarnpkg.com/@next/swc-win32-x64-msvc/-/swc-win32-x64-msvc-12.3.2-canary.32.tgz#3b15bb013072d06597a7b1db78fade3b688841fa"
  integrity sha512-ve9fBdXb1WO00ektf99A7679kId0UkoKxesMjzcNCpxkduiHvnZt1QRI6PdOof7lQKKLBtDwewrD7nRtLhn+hg==

"@swc/helpers@0.4.11":
  version "0.4.11"
  resolved "https://registry.yarnpkg.com/@swc/helpers/-/helpers-0.4.11.tgz#db23a376761b3d31c26502122f349a21b592c8de"
  integrity sha512-rEUrBSGIoSFuYxwBYtlUFMlE2CwGhmW+w9355/5oduSw8e5h2+Tj4UrAGNNgP9915++wj5vkQo0UuOBqOAq4nw==
  dependencies:
    tslib "^2.4.0"

"@types/node@^18.0.0":
  version "18.11.3"
  resolved "https://registry.yarnpkg.com/@types/node/-/node-18.11.3.tgz#78a6d7ec962b596fc2d2ec102c4dd3ef073fea6a"
  integrity sha512-fNjDQzzOsZeKZu5NATgXUPsaFaTxeRgFXoosrHivTl8RGeV733OLawXsGfEk9a8/tySyZUyiZ6E8LcjPFZ2y1A==

"@types/prop-types@*":
  version "15.7.5"
  resolved "https://registry.yarnpkg.com/@types/prop-types/-/prop-types-15.7.5.tgz#5f19d2b85a98e9558036f6a3cacc8819420f05cf"
  integrity sha512-JCB8C6SnDoQf0cNycqd/35A7MjcnK+ZTqE7judS6o7utxUCg6imJg3QK2qzHKszlTjcj2cn+NwMB2i96ubpj7w==

"@types/react@^18.0.14":
  version "18.0.21"
  resolved "https://registry.yarnpkg.com/@types/react/-/react-18.0.21.tgz#b8209e9626bb00a34c76f55482697edd2b43cc67"
  integrity sha512-7QUCOxvFgnD5Jk8ZKlUAhVcRj7GuJRjnjjiY/IUBWKgOlnvDvTMLD4RTF7NPyVmbRhNrbomZiOepg7M/2Kj1mA==
  dependencies:
    "@types/prop-types" "*"
    "@types/scheduler" "*"
    csstype "^3.0.2"

"@types/scheduler@*":
  version "0.16.2"
  resolved "https://registry.yarnpkg.com/@types/scheduler/-/scheduler-0.16.2.tgz#1a62f89525723dde24ba1b01b092bf5df8ad4d39"
  integrity sha512-hppQEBDmlwhFAXKJX2KnWLYu5yMfi91yazPb2l+lbJiwW+wdo1gNeRA+3RgNSO39WYX2euey41KEwnqesU2Jew==

caniuse-lite@^1.0.30001406:
  version "1.0.30001423"
  resolved "https://registry.yarnpkg.com/caniuse-lite/-/caniuse-lite-1.0.30001423.tgz#57176d460aa8cd85ee1a72016b961eb9aca55d91"
  integrity sha512-09iwWGOlifvE1XuHokFMP7eR38a0JnajoyL3/i87c8ZjRWRrdKo1fqjNfugfBD0UDBIOz0U+jtNhJ0EPm1VleQ==

client-only@0.0.1:
  version "0.0.1"
  resolved "https://registry.yarnpkg.com/client-only/-/client-only-0.0.1.tgz#38bba5d403c41ab150bff64a95c85013cf73bca1"
  integrity sha512-IV3Ou0jSMzZrd3pZ48nLkT9DA7Ag1pnPzaiQhpW7c3RbcqqzvzzVu+L8gfqMp/8IM2MQtSiqaCxrrcfu8I8rMA==

csstype@^3.0.2:
  version "3.1.1"
  resolved "https://registry.yarnpkg.com/csstype/-/csstype-3.1.1.tgz#841b532c45c758ee546a11d5bd7b7b473c8c30b9"
  integrity sha512-DJR/VvkAvSZW9bTouZue2sSxDwdTN92uHjqeKVm+0dAqdfNykRzQ95tay8aXMBAAPpUiq4Qcug2L7neoRh2Egw==

"js-tokens@^3.0.0 || ^4.0.0":
  version "4.0.0"
  resolved "https://registry.yarnpkg.com/js-tokens/-/js-tokens-4.0.0.tgz#19203fb59991df98e3a287050d4647cdeaf32499"
  integrity sha512-RdJUflcE3cUzKiMqQgsCu06FPu9UdIJO0beYbPhHN4k6apgJtifcoCtT9bcxOpYBtpD2kCM6Sbzg4CausW/PKQ==

loose-envify@^1.1.0:
  version "1.4.0"
  resolved "https://registry.yarnpkg.com/loose-envify/-/loose-envify-1.4.0.tgz#71ee51fa7be4caec1a63839f7e682d8132d30caf"
  integrity sha512-lyuxPGr/Wfhrlem2CL/UcnUc1zcqKAImBDzukY7Y5F/yQiNdko6+fRLevlw1HgMySw7f611UIY408EtxRSoK3Q==
  dependencies:
    js-tokens "^3.0.0 || ^4.0.0"

nanoid@^3.3.4:
  version "3.3.4"
  resolved "https://registry.yarnpkg.com/nanoid/-/nanoid-3.3.4.tgz#730b67e3cd09e2deacf03c027c81c9d9dbc5e8ab"
  integrity sha512-MqBkQh/OHTS2egovRtLk45wEyNXwF+cokD+1YPf9u5VfJiRdAiRwB2froX5Co9Rh20xs4siNPm8naNotSD6RBw==

next@canary:
  version "12.3.2-canary.32"
  resolved "https://registry.yarnpkg.com/next/-/next-12.3.2-canary.32.tgz#90f36b6948634599c5fff9bb3101dc6ec9054be7"
  integrity sha512-Uo9LXV/egpdoaAX0Vosy2dxzb3f5yrPuWzu+oKa+TOHve92dZ1GUYBhTVVTPTJ2SZhE/6JBfIAATsuY5XV/9Mg==
  dependencies:
    "@next/env" "12.3.2-canary.32"
    "@swc/helpers" "0.4.11"
    caniuse-lite "^1.0.30001406"
    postcss "8.4.14"
    styled-jsx "5.1.0"
    use-sync-external-store "1.2.0"
  optionalDependencies:
    "@next/swc-android-arm-eabi" "12.3.2-canary.32"
    "@next/swc-android-arm64" "12.3.2-canary.32"
    "@next/swc-darwin-arm64" "12.3.2-canary.32"
    "@next/swc-darwin-x64" "12.3.2-canary.32"
    "@next/swc-freebsd-x64" "12.3.2-canary.32"
    "@next/swc-linux-arm-gnueabihf" "12.3.2-canary.32"
    "@next/swc-linux-arm64-gnu" "12.3.2-canary.32"
    "@next/swc-linux-arm64-musl" "12.3.2-canary.32"
    "@next/swc-linux-x64-gnu" "12.3.2-canary.32"
    "@next/swc-linux-x64-musl" "12.3.2-canary.32"
    "@next/swc-win32-arm64-msvc" "12.3.2-canary.32"
    "@next/swc-win32-ia32-msvc" "12.3.2-canary.32"
    "@next/swc-win32-x64-msvc" "12.3.2-canary.32"

picocolors@^1.0.0:
  version "1.0.0"
  resolved "https://registry.yarnpkg.com/picocolors/-/picocolors-1.0.0.tgz#cb5bdc74ff3f51892236eaf79d68bc44564ab81c"
  integrity sha512-1fygroTLlHu66zi26VoTDv8yRgm0Fccecssto+MhsZ0D/DGW2sm8E8AjW7NU5VVTRt5GxbeZ5qBuJr+HyLYkjQ==

postcss@8.4.14:
  version "8.4.14"
  resolved "https://registry.yarnpkg.com/postcss/-/postcss-8.4.14.tgz#ee9274d5622b4858c1007a74d76e42e56fd21caf"
  integrity sha512-E398TUmfAYFPBSdzgeieK2Y1+1cpdxJx8yXbK/m57nRhKSmk1GB2tO4lbLBtlkfPQTDKfe4Xqv1ASWPpayPEig==
  dependencies:
    nanoid "^3.3.4"
    picocolors "^1.0.0"
    source-map-js "^1.0.2"

react-dom@^18.2.0:
  version "18.2.0"
  resolved "https://registry.yarnpkg.com/react-dom/-/react-dom-18.2.0.tgz#22aaf38708db2674ed9ada224ca4aa708d821e3d"
  integrity sha512-6IMTriUmvsjHUjNtEDudZfuDQUoWXVxKHhlEGSk81n4YFS+r/Kl99wXiwlVXtPBtJenozv2P+hxDsw9eA7Xo6g==
  dependencies:
    loose-envify "^1.1.0"
    scheduler "^0.23.0"

react@^18.2.0:
  version "18.2.0"
  resolved "https://registry.yarnpkg.com/react/-/react-18.2.0.tgz#555bd98592883255fa00de14f1151a917b5d77d5"
  integrity sha512-/3IjMdb2L9QbBdWiW5e3P2/npwMBaU9mHCSCUzNln0ZCYbcfTsGbTJrU/kGemdH2IWmB2ioZ+zkxtmq6g09fGQ==
  dependencies:
    loose-envify "^1.1.0"

scheduler@^0.23.0:
  version "0.23.0"
  resolved "https://registry.yarnpkg.com/scheduler/-/scheduler-0.23.0.tgz#ba8041afc3d30eb206a487b6b384002e4e61fdfe"
  integrity sha512-CtuThmgHNg7zIZWAXi3AsyIzA3n4xx7aNyjwC2VJldO2LMVDhFK+63xGqq6CsJH4rTAt6/M+N4GhZiDYPx9eUw==
  dependencies:
    loose-envify "^1.1.0"

source-map-js@^1.0.2:
  version "1.0.2"
  resolved "https://registry.yarnpkg.com/source-map-js/-/source-map-js-1.0.2.tgz#adbc361d9c62df380125e7f161f71c826f1e490c"
  integrity sha512-R0XvVJ9WusLiqTCEiGCmICCMplcCkIwwR11mOSD9CR5u+IXYdiseeEuXCVAjS54zqwkLcPNnmU4OeJ6tUrWhDw==

styled-jsx@5.1.0:
  version "5.1.0"
  resolved "https://registry.yarnpkg.com/styled-jsx/-/styled-jsx-5.1.0.tgz#4a5622ab9714bd3fcfaeec292aa555871f057563"
  integrity sha512-/iHaRJt9U7T+5tp6TRelLnqBqiaIT0HsO0+vgyj8hK2KUk7aejFqRrumqPUlAqDwAj8IbS/1hk3IhBAAK/FCUQ==
  dependencies:
    client-only "0.0.1"

tslib@^2.4.0:
  version "2.4.0"
  resolved "https://registry.yarnpkg.com/tslib/-/tslib-2.4.0.tgz#7cecaa7f073ce680a05847aa77be941098f36dc3"
  integrity sha512-d6xOpEDfsi2CZVlPQzGeux8XMwLT9hssAsaPYExaQMuYskwb+x1x7J371tWlbBdWHroy99KnVB6qIkUbs5X3UQ==

typescript@^4.7.4:
  version "4.8.4"
  resolved "https://registry.yarnpkg.com/typescript/-/typescript-4.8.4.tgz#c464abca159669597be5f96b8943500b238e60e6"
  integrity sha512-QCh+85mCy+h0IGff8r5XWzOVSbBO+KfeYrMQh7NJ58QujwcE22u+NUSmUxqF+un70P9GXKxa2HCNiTTMJknyjQ==

use-sync-external-store@1.2.0:
  version "1.2.0"
  resolved "https://registry.yarnpkg.com/use-sync-external-store/-/use-sync-external-store-1.2.0.tgz#7dbefd6ef3fe4e767a0cf5d7287aacfb5846928a"
  integrity sha512-eEgnFxGQ1Ife9bzYs6VLi8/4X6CObHMw9Qr9tPY43iKwsPw8xE8+EFsf/2cFZ5S3esXgpWgtSCtLNS41F+sKPA==
